{
  "name": "hash-map",
  "lockfileVersion": 3,
  "requires": true,
  "packages": {
    "../../.nvm/versions/node/v22.13.1/lib/node_modules/linked-list": {
      "version": "3.1.0",
      "extraneous": true,
      "license": "MIT",
      "devDependencies": {
        "@types/node": "^18.0.0",
        "c8": "^7.0.0",
        "prettier": "^2.0.0",
        "remark-cli": "^11.0.0",
        "remark-preset-wooorm": "^9.0.0",
        "type-coverage": "^2.0.0",
        "typescript": "^4.0.0",
        "xo": "^0.53.0"
      },
      "funding": {
        "type": "github",
        "url": "https://github.com/sponsors/wooorm"
      }
    },
    "../linked-lists": {
      "version": "1.0.0",
      "extraneous": true,
      "license": "ISC"
    }
  }
}
